
Microsoft Visual Studio Solution File, Format Version 12.00
# Visual Studio Version 17
VisualStudioVersion = 17.14.36603.0 d17.14
MinimumVisualStudioVersion = 10.0.40219.1
Project("{FAE04EC0-301F-11D3-BF4B-00C04F79EFBC}") = "MatrixLab.Core", "MatrixLab.Core\MatrixLab.Core.csproj", "{1546E14F-14E7-4C01-A810-00D596A65FF9}"
EndProject
Project("{FAE04EC0-301F-11D3-BF4B-00C04F79EFBC}") = "MatrixLab.Tests", "MatrixLab.Tests\MatrixLab.Tests.csproj", "{13D26A6B-C9AE-49D6-AD27-3BC4E6F37DFA}"
EndProject
Global
	GlobalSection(SolutionConfigurationPlatforms) = preSolution
		Debug|Any CPU = Debug|Any CPU
		Release|Any CPU = Release|Any CPU
	EndGlobalSection
	GlobalSection(ProjectConfigurationPlatforms) = postSolution
		{1546E14F-14E7-4C01-A810-00D596A65FF9}.Debug|Any CPU.ActiveCfg = Debug|Any CPU
		{1546E14F-14E7-4C01-A810-00D596A65FF9}.Debug|Any CPU.Build.0 = Debug|Any CPU
		{1546E14F-14E7-4C01-A810-00D596A65FF9}.Release|Any CPU.ActiveCfg = Release|Any CPU
		{1546E14F-14E7-4C01-A810-00D596A65FF9}.Release|Any CPU.Build.0 = Release|Any CPU
		{13D26A6B-C9AE-49D6-AD27-3BC4E6F37DFA}.Debug|Any CPU.ActiveCfg = Debug|Any CPU
		{13D26A6B-C9AE-49D6-AD27-3BC4E6F37DFA}.Debug|Any CPU.Build.0 = Debug|Any CPU
		{13D26A6B-C9AE-49D6-AD27-3BC4E6F37DFA}.Release|Any CPU.ActiveCfg = Release|Any CPU
		{13D26A6B-C9AE-49D6-AD27-3BC4E6F37DFA}.Release|Any CPU.Build.0 = Release|Any CPU
	EndGlobalSection
	GlobalSection(SolutionProperties) = preSolution
		HideSolutionNode = FALSE
	EndGlobalSection
	GlobalSection(ExtensibilityGlobals) = postSolution
		SolutionGuid = {3C7EEF41-C555-4991-8C66-AEC798DDF9A0}
	EndGlobalSection
EndGlobal
